
Microsoft Visual Studio Solution File, Format Version 12.00
# Visual Studio Version 16
VisualStudioVersion = 16.0.30717.126
MinimumVisualStudioVersion = 10.0.40219.1
Project("{FAE04EC0-301F-11D3-BF4B-00C04F79EFBC}") = "AutoWorkFlowConsoleApp", "AutoWorkFlow\AutoWorkFlowConsoleApp.csproj", "{1C12BE62-13E4-436A-A963-073B0811F154}"
EndProject
Project("{FAE04EC0-301F-11D3-BF4B-00C04F79EFBC}") = "AutoWorkFlow.OTRS", "AutoWorkFlow.OTRS\AutoWorkFlow.OTRS.csproj", "{EE5438B6-BB8F-444A-9D23-5628B910AA96}"
EndProject
Project("{FAE04EC0-301F-11D3-BF4B-00C04F79EFBC}") = "AutoWorkFlow.TFS", "AutoWorkFlow.TFS\AutoWorkFlow.TFS.csproj", "{B0B44A8A-6D70-40F3-AA43-6691CEF1810D}"
EndProject
Project("{FAE04EC0-301F-11D3-BF4B-00C04F79EFBC}") = "AutoWorkFlow.Serializable", "..\AutoWorkFlow.Serializable\AutoWorkFlow.Serializable.csproj", "{C23C6C60-B3CA-4B01-B2B3-E6AE1B61F041}"
EndProject
Global
	GlobalSection(SolutionConfigurationPlatforms) = preSolution
		Debug|Any CPU = Debug|Any CPU
		Release|Any CPU = Release|Any CPU
	EndGlobalSection
	GlobalSection(ProjectConfigurationPlatforms) = postSolution
		{1C12BE62-13E4-436A-A963-073B0811F154}.Debug|Any CPU.ActiveCfg = Debug|Any CPU
		{1C12BE62-13E4-436A-A963-073B0811F154}.Debug|Any CPU.Build.0 = Debug|Any CPU
		{1C12BE62-13E4-436A-A963-073B0811F154}.Release|Any CPU.ActiveCfg = Release|Any CPU
		{1C12BE62-13E4-436A-A963-073B0811F154}.Release|Any CPU.Build.0 = Release|Any CPU
		{EE5438B6-BB8F-444A-9D23-5628B910AA96}.Debug|Any CPU.ActiveCfg = Debug|Any CPU
		{EE5438B6-BB8F-444A-9D23-5628B910AA96}.Debug|Any CPU.Build.0 = Debug|Any CPU
		{EE5438B6-BB8F-444A-9D23-5628B910AA96}.Release|Any CPU.ActiveCfg = Release|Any CPU
		{EE5438B6-BB8F-444A-9D23-5628B910AA96}.Release|Any CPU.Build.0 = Release|Any CPU
		{B0B44A8A-6D70-40F3-AA43-6691CEF1810D}.Debug|Any CPU.ActiveCfg = Debug|Any CPU
		{B0B44A8A-6D70-40F3-AA43-6691CEF1810D}.Debug|Any CPU.Build.0 = Debug|Any CPU
		{B0B44A8A-6D70-40F3-AA43-6691CEF1810D}.Release|Any CPU.ActiveCfg = Release|Any CPU
		{B0B44A8A-6D70-40F3-AA43-6691CEF1810D}.Release|Any CPU.Build.0 = Release|Any CPU
		{C23C6C60-B3CA-4B01-B2B3-E6AE1B61F041}.Debug|Any CPU.ActiveCfg = Debug|Any CPU
		{C23C6C60-B3CA-4B01-B2B3-E6AE1B61F041}.Debug|Any CPU.Build.0 = Debug|Any CPU
		{C23C6C60-B3CA-4B01-B2B3-E6AE1B61F041}.Release|Any CPU.ActiveCfg = Release|Any CPU
		{C23C6C60-B3CA-4B01-B2B3-E6AE1B61F041}.Release|Any CPU.Build.0 = Release|Any CPU
	EndGlobalSection
	GlobalSection(SolutionProperties) = preSolution
		HideSolutionNode = FALSE
	EndGlobalSection
	GlobalSection(ExtensibilityGlobals) = postSolution
		SolutionGuid = {9B6A1048-E138-4B78-9FF6-C10231840258}
	EndGlobalSection
EndGlobal
